
Microsoft Visual Studio Solution File, Format Version 12.00
# Visual Studio Version 17
VisualStudioVersion = 17.2.32526.322
MinimumVisualStudioVersion = 10.0.40219.1
Project("{8BC9CEB8-8B4A-11D0-8D11-00A0C91BC942}") = "HW26_Structures", "HW26_Structures\HW26_Structures.vcxproj", "{44291BCA-50BE-432D-83CF-7CA48137AE0B}"
EndProject
Global
	GlobalSection(SolutionConfigurationPlatforms) = preSolution
		Debug|x64 = Debug|x64
		Debug|x86 = Debug|x86
		Release|x64 = Release|x64
		Release|x86 = Release|x86
	EndGlobalSection
	GlobalSection(ProjectConfigurationPlatforms) = postSolution
		{44291BCA-50BE-432D-83CF-7CA48137AE0B}.Debug|x64.ActiveCfg = Debug|x64
		{44291BCA-50BE-432D-83CF-7CA48137AE0B}.Debug|x64.Build.0 = Debug|x64
		{44291BCA-50BE-432D-83CF-7CA48137AE0B}.Debug|x86.ActiveCfg = Debug|Win32
		{44291BCA-50BE-432D-83CF-7CA48137AE0B}.Debug|x86.Build.0 = Debug|Win32
		{44291BCA-50BE-432D-83CF-7CA48137AE0B}.Release|x64.ActiveCfg = Release|x64
		{44291BCA-50BE-432D-83CF-7CA48137AE0B}.Release|x64.Build.0 = Release|x64
		{44291BCA-50BE-432D-83CF-7CA48137AE0B}.Release|x86.ActiveCfg = Release|Win32
		{44291BCA-50BE-432D-83CF-7CA48137AE0B}.Release|x86.Build.0 = Release|Win32
	EndGlobalSection
	GlobalSection(SolutionProperties) = preSolution
		HideSolutionNode = FALSE
	EndGlobalSection
	GlobalSection(ExtensibilityGlobals) = postSolution
		SolutionGuid = {C1267DE4-0069-453D-B506-35E9323B8486}
	EndGlobalSection
EndGlobal
